
Microsoft Visual Studio Solution File, Format Version 12.00
# Visual Studio Version 17
VisualStudioVersion = 17.2.32526.322
MinimumVisualStudioVersion = 10.0.40219.1
Project("{FAE04EC0-301F-11D3-BF4B-00C04F79EFBC}") = "NKatmanliPersonel", "NKatmanliPersonel.csproj", "{E29886ED-ACC9-47F1-A458-C6AD8A7DBDC9}"
EndProject
Project("{FAE04EC0-301F-11D3-BF4B-00C04F79EFBC}") = "EntityLayer", "EntityLayer\EntityLayer.csproj", "{FC168BD1-CCD2-4079-BBE9-882B46C6A20F}"
EndProject
Project("{FAE04EC0-301F-11D3-BF4B-00C04F79EFBC}") = "DataAccesLayer", "DataAccesLayer\DataAccesLayer.csproj", "{8518458A-DD7A-4857-8BF8-83A053269A3A}"
EndProject
Project("{FAE04EC0-301F-11D3-BF4B-00C04F79EFBC}") = "LogicLayer", "LogicLayer\LogicLayer.csproj", "{E36465B4-61DF-463F-AF02-0FDD058190BC}"
EndProject
Global
	GlobalSection(SolutionConfigurationPlatforms) = preSolution
		Debug|Any CPU = Debug|Any CPU
		Release|Any CPU = Release|Any CPU
	EndGlobalSection
	GlobalSection(ProjectConfigurationPlatforms) = postSolution
		{E29886ED-ACC9-47F1-A458-C6AD8A7DBDC9}.Debug|Any CPU.ActiveCfg = Debug|Any CPU
		{E29886ED-ACC9-47F1-A458-C6AD8A7DBDC9}.Debug|Any CPU.Build.0 = Debug|Any CPU
		{E29886ED-ACC9-47F1-A458-C6AD8A7DBDC9}.Release|Any CPU.ActiveCfg = Release|Any CPU
		{E29886ED-ACC9-47F1-A458-C6AD8A7DBDC9}.Release|Any CPU.Build.0 = Release|Any CPU
		{FC168BD1-CCD2-4079-BBE9-882B46C6A20F}.Debug|Any CPU.ActiveCfg = Debug|Any CPU
		{FC168BD1-CCD2-4079-BBE9-882B46C6A20F}.Debug|Any CPU.Build.0 = Debug|Any CPU
		{FC168BD1-CCD2-4079-BBE9-882B46C6A20F}.Release|Any CPU.ActiveCfg = Release|Any CPU
		{FC168BD1-CCD2-4079-BBE9-882B46C6A20F}.Release|Any CPU.Build.0 = Release|Any CPU
		{8518458A-DD7A-4857-8BF8-83A053269A3A}.Debug|Any CPU.ActiveCfg = Debug|Any CPU
		{8518458A-DD7A-4857-8BF8-83A053269A3A}.Debug|Any CPU.Build.0 = Debug|Any CPU
		{8518458A-DD7A-4857-8BF8-83A053269A3A}.Release|Any CPU.ActiveCfg = Release|Any CPU
		{8518458A-DD7A-4857-8BF8-83A053269A3A}.Release|Any CPU.Build.0 = Release|Any CPU
		{E36465B4-61DF-463F-AF02-0FDD058190BC}.Debug|Any CPU.ActiveCfg = Debug|Any CPU
		{E36465B4-61DF-463F-AF02-0FDD058190BC}.Debug|Any CPU.Build.0 = Debug|Any CPU
		{E36465B4-61DF-463F-AF02-0FDD058190BC}.Release|Any CPU.ActiveCfg = Release|Any CPU
		{E36465B4-61DF-463F-AF02-0FDD058190BC}.Release|Any CPU.Build.0 = Release|Any CPU
	EndGlobalSection
	GlobalSection(SolutionProperties) = preSolution
		HideSolutionNode = FALSE
	EndGlobalSection
	GlobalSection(ExtensibilityGlobals) = postSolution
		SolutionGuid = {881404C5-B599-4604-98CB-A12524EC6939}
	EndGlobalSection
EndGlobal
